
Microsoft Visual Studio Solution File, Format Version 11.00
# Visual Studio 2010
Project("{FAE04EC0-301F-11D3-BF4B-00C04F79EFBC}") = "AjustesCartera", "AjustesCartera.csproj", "{28B26A62-8F24-430C-8934-D9F20F25CC5A}"
EndProject
Global
	GlobalSection(TeamFoundationVersionControl) = preSolution
		SccNumberOfProjects = 2
		SccEnterpriseProvider = {4CA58AB2-18FA-4F8D-95D4-32DDF27D184C}
		SccTeamFoundationServer = http://192.168.1.30:8080/tfs/proyectosgm
		SccLocalPath0 = .
		SccProjectUniqueName1 = AjustesCartera.csproj
		SccLocalPath1 = .
	EndGlobalSection
	GlobalSection(SolutionConfigurationPlatforms) = preSolution
		Debug|Any CPU = Debug|Any CPU
		Debug|x86 = Debug|x86
		Release|Any CPU = Release|Any CPU
		Release|x86 = Release|x86
	EndGlobalSection
	GlobalSection(ProjectConfigurationPlatforms) = postSolution
		{28B26A62-8F24-430C-8934-D9F20F25CC5A}.Debug|Any CPU.ActiveCfg = Debug|Any CPU
		{28B26A62-8F24-430C-8934-D9F20F25CC5A}.Debug|Any CPU.Build.0 = Debug|Any CPU
		{28B26A62-8F24-430C-8934-D9F20F25CC5A}.Debug|x86.ActiveCfg = Debug|x86
		{28B26A62-8F24-430C-8934-D9F20F25CC5A}.Debug|x86.Build.0 = Debug|x86
		{28B26A62-8F24-430C-8934-D9F20F25CC5A}.Release|Any CPU.ActiveCfg = Release|Any CPU
		{28B26A62-8F24-430C-8934-D9F20F25CC5A}.Release|Any CPU.Build.0 = Release|Any CPU
		{28B26A62-8F24-430C-8934-D9F20F25CC5A}.Release|x86.ActiveCfg = Release|x86
		{28B26A62-8F24-430C-8934-D9F20F25CC5A}.Release|x86.Build.0 = Release|x86
	EndGlobalSection
	GlobalSection(SolutionProperties) = preSolution
		HideSolutionNode = FALSE
	EndGlobalSection
EndGlobal
