
Microsoft Visual Studio Solution File, Format Version 11.00
# Visual Studio 2010
Project("{F184B08F-C81C-45F6-A57F-5ABD9991F28F}") = "ReportesEspeciales", "ReportesEspeciales.vbproj", "{CEDBA38C-4294-400F-838C-707E2EAE6311}"
EndProject
Global
	GlobalSection(TeamFoundationVersionControl) = preSolution
		SccNumberOfProjects = 2
		SccEnterpriseProvider = {4CA58AB2-18FA-4F8D-95D4-32DDF27D184C}
		SccTeamFoundationServer = http://192.168.1.30:8080/tfs/proyectosgm
		SccLocalPath0 = .
		SccProjectUniqueName1 = ReportesEspeciales.vbproj
		SccLocalPath1 = .
	EndGlobalSection
	GlobalSection(SolutionConfigurationPlatforms) = preSolution
		Debug|Any CPU = Debug|Any CPU
		Debug|x86 = Debug|x86
		Release|Any CPU = Release|Any CPU
		Release|x86 = Release|x86
	EndGlobalSection
	GlobalSection(ProjectConfigurationPlatforms) = postSolution
		{CEDBA38C-4294-400F-838C-707E2EAE6311}.Debug|Any CPU.ActiveCfg = Debug|Any CPU
		{CEDBA38C-4294-400F-838C-707E2EAE6311}.Debug|Any CPU.Build.0 = Debug|Any CPU
		{CEDBA38C-4294-400F-838C-707E2EAE6311}.Debug|x86.ActiveCfg = Debug|x86
		{CEDBA38C-4294-400F-838C-707E2EAE6311}.Debug|x86.Build.0 = Debug|x86
		{CEDBA38C-4294-400F-838C-707E2EAE6311}.Release|Any CPU.ActiveCfg = Release|Any CPU
		{CEDBA38C-4294-400F-838C-707E2EAE6311}.Release|Any CPU.Build.0 = Release|Any CPU
		{CEDBA38C-4294-400F-838C-707E2EAE6311}.Release|x86.ActiveCfg = Release|x86
		{CEDBA38C-4294-400F-838C-707E2EAE6311}.Release|x86.Build.0 = Release|x86
	EndGlobalSection
	GlobalSection(SolutionProperties) = preSolution
		HideSolutionNode = FALSE
	EndGlobalSection
EndGlobal
