Microsoft Visual Studio Solution File, Format Version 11.00
# Visual Studio 2010
Project("{F184B08F-C81C-45F6-A57F-5ABD9991F28F}") = "ConsultaMovimientosBase", "ConsultaMovimientosBase.vbproj", "{D6E5E339-FC52-4C80-BB30-8D5E13667127}"
EndProject
Global
	GlobalSection(TeamFoundationVersionControl) = preSolution
		SccNumberOfProjects = 2
		SccEnterpriseProvider = {4CA58AB2-18FA-4F8D-95D4-32DDF27D184C}
		SccTeamFoundationServer = http://192.168.1.30:8080/tfs/proyectosgm
		SccLocalPath0 = .
		SccProjectUniqueName1 = ConsultaMovimientosBase.vbproj
		SccLocalPath1 = .
	EndGlobalSection
	GlobalSection(SolutionConfigurationPlatforms) = preSolution
		Debug|Any CPU = Debug|Any CPU
		Release|Any CPU = Release|Any CPU
	EndGlobalSection
	GlobalSection(ProjectConfigurationPlatforms) = postSolution
		{D6E5E339-FC52-4C80-BB30-8D5E13667127}.Debug|Any CPU.ActiveCfg = Debug|Any CPU
		{D6E5E339-FC52-4C80-BB30-8D5E13667127}.Debug|Any CPU.Build.0 = Debug|Any CPU
		{D6E5E339-FC52-4C80-BB30-8D5E13667127}.Release|Any CPU.ActiveCfg = Release|Any CPU
		{D6E5E339-FC52-4C80-BB30-8D5E13667127}.Release|Any CPU.Build.0 = Release|Any CPU
	EndGlobalSection
	GlobalSection(SolutionProperties) = preSolution
		HideSolutionNode = FALSE
	EndGlobalSection
EndGlobal
