Microsoft Visual Studio Solution File, Format Version 11.00
# Visual Studio 2010
Project("{F184B08F-C81C-45F6-A57F-5ABD9991F28F}") = "ConfirmacionProgramados", "ConfirmacionProgramados.vbproj", "{A9431E84-B22A-49AB-9217-B725138ACE2A}"
EndProject
Project("{F184B08F-C81C-45F6-A57F-5ABD9991F28F}") = "Prueba", "Prueba\Prueba.vbproj", "{4FC2DB5F-531A-42E7-8215-5A9327BEC686}"
EndProject
Global
	GlobalSection(TeamFoundationVersionControl) = preSolution
		SccNumberOfProjects = 3
		SccEnterpriseProvider = {4CA58AB2-18FA-4F8D-95D4-32DDF27D184C}
		SccTeamFoundationServer = http://192.168.1.30:8080/tfs/proyectosgm
		SccLocalPath0 = .
		SccProjectUniqueName1 = ConfirmacionProgramados.vbproj
		SccLocalPath1 = .
		SccProjectUniqueName2 = Prueba\\Prueba.vbproj
		SccProjectName2 = Prueba
		SccLocalPath2 = Prueba
	EndGlobalSection
	GlobalSection(SolutionConfigurationPlatforms) = preSolution
		Debug|Any CPU = Debug|Any CPU
		Release|Any CPU = Release|Any CPU
	EndGlobalSection
	GlobalSection(ProjectConfigurationPlatforms) = postSolution
		{A9431E84-B22A-49AB-9217-B725138ACE2A}.Debug|Any CPU.ActiveCfg = Debug|Any CPU
		{A9431E84-B22A-49AB-9217-B725138ACE2A}.Debug|Any CPU.Build.0 = Debug|Any CPU
		{A9431E84-B22A-49AB-9217-B725138ACE2A}.Release|Any CPU.ActiveCfg = Release|Any CPU
		{A9431E84-B22A-49AB-9217-B725138ACE2A}.Release|Any CPU.Build.0 = Release|Any CPU
		{4FC2DB5F-531A-42E7-8215-5A9327BEC686}.Debug|Any CPU.ActiveCfg = Debug|Any CPU
		{4FC2DB5F-531A-42E7-8215-5A9327BEC686}.Debug|Any CPU.Build.0 = Debug|Any CPU
		{4FC2DB5F-531A-42E7-8215-5A9327BEC686}.Release|Any CPU.ActiveCfg = Release|Any CPU
		{4FC2DB5F-531A-42E7-8215-5A9327BEC686}.Release|Any CPU.Build.0 = Release|Any CPU
	EndGlobalSection
	GlobalSection(SolutionProperties) = preSolution
		HideSolutionNode = FALSE
	EndGlobalSection
EndGlobal
